
Microsoft Visual Studio Solution File, Format Version 12.00
# Visual Studio 15
VisualStudioVersion = 15.0.26124.0
MinimumVisualStudioVersion = 15.0.26124.0
Project("{2150E333-8FDC-42A3-9474-1A3956D46DE8}") = "src", "src", "{0A99F01E-9551-4DFC-BA1C-BB2A728D7BD6}"
EndProject
Project("{2150E333-8FDC-42A3-9474-1A3956D46DE8}") = "tests", "tests", "{1DD4DB9B-B08B-4030-B8DD-7781C33983C1}"
EndProject
Project("{2150E333-8FDC-42A3-9474-1A3956D46DE8}") = "Infrastructure", "Infrastructure", "{98E3E2DA-ACC1-48B2-875E-FD971273A015}"
EndProject
Project("{2150E333-8FDC-42A3-9474-1A3956D46DE8}") = "Common", "Common", "{A7A72F8B-82A0-43B7-8DAE-1EEE8875B55F}"
EndProject
Project("{2150E333-8FDC-42A3-9474-1A3956D46DE8}") = "Presentation", "Presentation", "{5E40ECC5-6C29-4830-85EC-D846106AFBA0}"
EndProject
Project("{FAE04EC0-301F-11D3-BF4B-00C04F79EFBC}") = "Brewdude.Common", "src\Common\Brewdude.Common\Brewdude.Common.csproj", "{59D1F373-758E-4F4C-8834-B0ED1310664B}"
EndProject
Project("{2150E333-8FDC-42A3-9474-1A3956D46DE8}") = "Core", "Core", "{A085F3E6-DD8E-4AC2-A011-AF954B477A50}"
EndProject
Project("{FAE04EC0-301F-11D3-BF4B-00C04F79EFBC}") = "Brewdude.Domain", "src\Core\Brewdude.Domain\Brewdude.Domain.csproj", "{C1156676-9FFE-48BF-9BFA-011FABD3882B}"
EndProject
Project("{FAE04EC0-301F-11D3-BF4B-00C04F79EFBC}") = "Brewdude.Application", "src\Core\Brewdude.Application\Brewdude.Application.csproj", "{18C284D6-1C5B-4CC0-BF70-DDE092FF2E41}"
EndProject
Project("{FAE04EC0-301F-11D3-BF4B-00C04F79EFBC}") = "Brewdude.Infrastructure", "src\Infrastructure\Brewdude.Infrastructure\Brewdude.Infrastructure.csproj", "{AF9F2A1E-7E78-4981-8F13-F6E4CC434753}"
EndProject
Project("{FAE04EC0-301F-11D3-BF4B-00C04F79EFBC}") = "Brewdude.Persistence", "src\Infrastructure\Brewdude.Persistence\Brewdude.Persistence.csproj", "{D42D5147-C688-472A-B010-00EFE6FC8342}"
EndProject
Project("{FAE04EC0-301F-11D3-BF4B-00C04F79EFBC}") = "Brewdude.Web", "src\Presentation\Brewdude.Web\Brewdude.Web.csproj", "{06C8E45D-6740-4F63-B20F-ADFBC7637038}"
EndProject
Project("{FAE04EC0-301F-11D3-BF4B-00C04F79EFBC}") = "Brewdude.Application.Tests", "tests\Brewdude.Application.Tests\Brewdude.Application.Tests.csproj", "{67FAFC0E-1969-4FCD-A070-436FEDC58383}"
EndProject
Project("{FAE04EC0-301F-11D3-BF4B-00C04F79EFBC}") = "Brewdude.Domain.Tests", "tests\Brewdude.Domain.Tests\Brewdude.Domain.Tests.csproj", "{224BAD25-17A4-4CB8-BA9E-42195DD7FA96}"
EndProject
Project("{2150E333-8FDC-42A3-9474-1A3956D46DE8}") = "Security", "Security", "{5F42CFF6-452D-4D83-AF93-C34EB469AABC}"
EndProject
Project("{FAE04EC0-301F-11D3-BF4B-00C04F79EFBC}") = "Brewdude.Jwt", "src\Security\Brewdude.Jwt\Brewdude.Jwt.csproj", "{4C667FF5-A565-46D8-A440-C293AE4DABB9}"
EndProject
Global
	GlobalSection(SolutionConfigurationPlatforms) = preSolution
		Debug|Any CPU = Debug|Any CPU
		Debug|x64 = Debug|x64
		Debug|x86 = Debug|x86
		Release|Any CPU = Release|Any CPU
		Release|x64 = Release|x64
		Release|x86 = Release|x86
	EndGlobalSection
	GlobalSection(SolutionProperties) = preSolution
		HideSolutionNode = FALSE
	EndGlobalSection
	GlobalSection(ProjectConfigurationPlatforms) = postSolution
		{A2192B1F-FB63-42D9-8F99-D43F864488CC}.Debug|Any CPU.ActiveCfg = Debug|Any CPU
		{A2192B1F-FB63-42D9-8F99-D43F864488CC}.Debug|Any CPU.Build.0 = Debug|Any CPU
		{A2192B1F-FB63-42D9-8F99-D43F864488CC}.Debug|x64.ActiveCfg = Debug|Any CPU
		{A2192B1F-FB63-42D9-8F99-D43F864488CC}.Debug|x64.Build.0 = Debug|Any CPU
		{A2192B1F-FB63-42D9-8F99-D43F864488CC}.Debug|x86.ActiveCfg = Debug|Any CPU
		{A2192B1F-FB63-42D9-8F99-D43F864488CC}.Debug|x86.Build.0 = Debug|Any CPU
		{A2192B1F-FB63-42D9-8F99-D43F864488CC}.Release|Any CPU.ActiveCfg = Release|Any CPU
		{A2192B1F-FB63-42D9-8F99-D43F864488CC}.Release|Any CPU.Build.0 = Release|Any CPU
		{A2192B1F-FB63-42D9-8F99-D43F864488CC}.Release|x64.ActiveCfg = Release|Any CPU
		{A2192B1F-FB63-42D9-8F99-D43F864488CC}.Release|x64.Build.0 = Release|Any CPU
		{A2192B1F-FB63-42D9-8F99-D43F864488CC}.Release|x86.ActiveCfg = Release|Any CPU
		{A2192B1F-FB63-42D9-8F99-D43F864488CC}.Release|x86.Build.0 = Release|Any CPU
		{38949AAA-68C3-4FAA-B744-306C706DDE99}.Debug|Any CPU.ActiveCfg = Debug|Any CPU
		{38949AAA-68C3-4FAA-B744-306C706DDE99}.Debug|Any CPU.Build.0 = Debug|Any CPU
		{38949AAA-68C3-4FAA-B744-306C706DDE99}.Debug|x64.ActiveCfg = Debug|Any CPU
		{38949AAA-68C3-4FAA-B744-306C706DDE99}.Debug|x64.Build.0 = Debug|Any CPU
		{38949AAA-68C3-4FAA-B744-306C706DDE99}.Debug|x86.ActiveCfg = Debug|Any CPU
		{38949AAA-68C3-4FAA-B744-306C706DDE99}.Debug|x86.Build.0 = Debug|Any CPU
		{38949AAA-68C3-4FAA-B744-306C706DDE99}.Release|Any CPU.ActiveCfg = Release|Any CPU
		{38949AAA-68C3-4FAA-B744-306C706DDE99}.Release|Any CPU.Build.0 = Release|Any CPU
		{38949AAA-68C3-4FAA-B744-306C706DDE99}.Release|x64.ActiveCfg = Release|Any CPU
		{38949AAA-68C3-4FAA-B744-306C706DDE99}.Release|x64.Build.0 = Release|Any CPU
		{38949AAA-68C3-4FAA-B744-306C706DDE99}.Release|x86.ActiveCfg = Release|Any CPU
		{38949AAA-68C3-4FAA-B744-306C706DDE99}.Release|x86.Build.0 = Release|Any CPU
		{839AC713-CD29-470D-90E3-DBB5B1A39F8C}.Debug|Any CPU.ActiveCfg = Debug|Any CPU
		{839AC713-CD29-470D-90E3-DBB5B1A39F8C}.Debug|Any CPU.Build.0 = Debug|Any CPU
		{839AC713-CD29-470D-90E3-DBB5B1A39F8C}.Debug|x64.ActiveCfg = Debug|Any CPU
		{839AC713-CD29-470D-90E3-DBB5B1A39F8C}.Debug|x64.Build.0 = Debug|Any CPU
		{839AC713-CD29-470D-90E3-DBB5B1A39F8C}.Debug|x86.ActiveCfg = Debug|Any CPU
		{839AC713-CD29-470D-90E3-DBB5B1A39F8C}.Debug|x86.Build.0 = Debug|Any CPU
		{839AC713-CD29-470D-90E3-DBB5B1A39F8C}.Release|Any CPU.ActiveCfg = Release|Any CPU
		{839AC713-CD29-470D-90E3-DBB5B1A39F8C}.Release|Any CPU.Build.0 = Release|Any CPU
		{839AC713-CD29-470D-90E3-DBB5B1A39F8C}.Release|x64.ActiveCfg = Release|Any CPU
		{839AC713-CD29-470D-90E3-DBB5B1A39F8C}.Release|x64.Build.0 = Release|Any CPU
		{839AC713-CD29-470D-90E3-DBB5B1A39F8C}.Release|x86.ActiveCfg = Release|Any CPU
		{839AC713-CD29-470D-90E3-DBB5B1A39F8C}.Release|x86.Build.0 = Release|Any CPU
		{B69FE6C7-FEE2-49E5-A274-426F47EDEDE4}.Debug|Any CPU.ActiveCfg = Debug|Any CPU
		{B69FE6C7-FEE2-49E5-A274-426F47EDEDE4}.Debug|Any CPU.Build.0 = Debug|Any CPU
		{B69FE6C7-FEE2-49E5-A274-426F47EDEDE4}.Debug|x64.ActiveCfg = Debug|Any CPU
		{B69FE6C7-FEE2-49E5-A274-426F47EDEDE4}.Debug|x64.Build.0 = Debug|Any CPU
		{B69FE6C7-FEE2-49E5-A274-426F47EDEDE4}.Debug|x86.ActiveCfg = Debug|Any CPU
		{B69FE6C7-FEE2-49E5-A274-426F47EDEDE4}.Debug|x86.Build.0 = Debug|Any CPU
		{B69FE6C7-FEE2-49E5-A274-426F47EDEDE4}.Release|Any CPU.ActiveCfg = Release|Any CPU
		{B69FE6C7-FEE2-49E5-A274-426F47EDEDE4}.Release|Any CPU.Build.0 = Release|Any CPU
		{B69FE6C7-FEE2-49E5-A274-426F47EDEDE4}.Release|x64.ActiveCfg = Release|Any CPU
		{B69FE6C7-FEE2-49E5-A274-426F47EDEDE4}.Release|x64.Build.0 = Release|Any CPU
		{B69FE6C7-FEE2-49E5-A274-426F47EDEDE4}.Release|x86.ActiveCfg = Release|Any CPU
		{B69FE6C7-FEE2-49E5-A274-426F47EDEDE4}.Release|x86.Build.0 = Release|Any CPU
		{59D1F373-758E-4F4C-8834-B0ED1310664B}.Debug|Any CPU.ActiveCfg = Debug|Any CPU
		{59D1F373-758E-4F4C-8834-B0ED1310664B}.Debug|Any CPU.Build.0 = Debug|Any CPU
		{59D1F373-758E-4F4C-8834-B0ED1310664B}.Debug|x64.ActiveCfg = Debug|Any CPU
		{59D1F373-758E-4F4C-8834-B0ED1310664B}.Debug|x64.Build.0 = Debug|Any CPU
		{59D1F373-758E-4F4C-8834-B0ED1310664B}.Debug|x86.ActiveCfg = Debug|Any CPU
		{59D1F373-758E-4F4C-8834-B0ED1310664B}.Debug|x86.Build.0 = Debug|Any CPU
		{59D1F373-758E-4F4C-8834-B0ED1310664B}.Release|Any CPU.ActiveCfg = Release|Any CPU
		{59D1F373-758E-4F4C-8834-B0ED1310664B}.Release|Any CPU.Build.0 = Release|Any CPU
		{59D1F373-758E-4F4C-8834-B0ED1310664B}.Release|x64.ActiveCfg = Release|Any CPU
		{59D1F373-758E-4F4C-8834-B0ED1310664B}.Release|x64.Build.0 = Release|Any CPU
		{59D1F373-758E-4F4C-8834-B0ED1310664B}.Release|x86.ActiveCfg = Release|Any CPU
		{59D1F373-758E-4F4C-8834-B0ED1310664B}.Release|x86.Build.0 = Release|Any CPU
		{C1156676-9FFE-48BF-9BFA-011FABD3882B}.Debug|Any CPU.ActiveCfg = Debug|Any CPU
		{C1156676-9FFE-48BF-9BFA-011FABD3882B}.Debug|Any CPU.Build.0 = Debug|Any CPU
		{C1156676-9FFE-48BF-9BFA-011FABD3882B}.Debug|x64.ActiveCfg = Debug|Any CPU
		{C1156676-9FFE-48BF-9BFA-011FABD3882B}.Debug|x64.Build.0 = Debug|Any CPU
		{C1156676-9FFE-48BF-9BFA-011FABD3882B}.Debug|x86.ActiveCfg = Debug|Any CPU
		{C1156676-9FFE-48BF-9BFA-011FABD3882B}.Debug|x86.Build.0 = Debug|Any CPU
		{C1156676-9FFE-48BF-9BFA-011FABD3882B}.Release|Any CPU.ActiveCfg = Release|Any CPU
		{C1156676-9FFE-48BF-9BFA-011FABD3882B}.Release|Any CPU.Build.0 = Release|Any CPU
		{C1156676-9FFE-48BF-9BFA-011FABD3882B}.Release|x64.ActiveCfg = Release|Any CPU
		{C1156676-9FFE-48BF-9BFA-011FABD3882B}.Release|x64.Build.0 = Release|Any CPU
		{C1156676-9FFE-48BF-9BFA-011FABD3882B}.Release|x86.ActiveCfg = Release|Any CPU
		{C1156676-9FFE-48BF-9BFA-011FABD3882B}.Release|x86.Build.0 = Release|Any CPU
		{18C284D6-1C5B-4CC0-BF70-DDE092FF2E41}.Debug|Any CPU.ActiveCfg = Debug|Any CPU
		{18C284D6-1C5B-4CC0-BF70-DDE092FF2E41}.Debug|Any CPU.Build.0 = Debug|Any CPU
		{18C284D6-1C5B-4CC0-BF70-DDE092FF2E41}.Debug|x64.ActiveCfg = Debug|Any CPU
		{18C284D6-1C5B-4CC0-BF70-DDE092FF2E41}.Debug|x64.Build.0 = Debug|Any CPU
		{18C284D6-1C5B-4CC0-BF70-DDE092FF2E41}.Debug|x86.ActiveCfg = Debug|Any CPU
		{18C284D6-1C5B-4CC0-BF70-DDE092FF2E41}.Debug|x86.Build.0 = Debug|Any CPU
		{18C284D6-1C5B-4CC0-BF70-DDE092FF2E41}.Release|Any CPU.ActiveCfg = Release|Any CPU
		{18C284D6-1C5B-4CC0-BF70-DDE092FF2E41}.Release|Any CPU.Build.0 = Release|Any CPU
		{18C284D6-1C5B-4CC0-BF70-DDE092FF2E41}.Release|x64.ActiveCfg = Release|Any CPU
		{18C284D6-1C5B-4CC0-BF70-DDE092FF2E41}.Release|x64.Build.0 = Release|Any CPU
		{18C284D6-1C5B-4CC0-BF70-DDE092FF2E41}.Release|x86.ActiveCfg = Release|Any CPU
		{18C284D6-1C5B-4CC0-BF70-DDE092FF2E41}.Release|x86.Build.0 = Release|Any CPU
		{AF9F2A1E-7E78-4981-8F13-F6E4CC434753}.Debug|Any CPU.ActiveCfg = Debug|Any CPU
		{AF9F2A1E-7E78-4981-8F13-F6E4CC434753}.Debug|Any CPU.Build.0 = Debug|Any CPU
		{AF9F2A1E-7E78-4981-8F13-F6E4CC434753}.Debug|x64.ActiveCfg = Debug|Any CPU
		{AF9F2A1E-7E78-4981-8F13-F6E4CC434753}.Debug|x64.Build.0 = Debug|Any CPU
		{AF9F2A1E-7E78-4981-8F13-F6E4CC434753}.Debug|x86.ActiveCfg = Debug|Any CPU
		{AF9F2A1E-7E78-4981-8F13-F6E4CC434753}.Debug|x86.Build.0 = Debug|Any CPU
		{AF9F2A1E-7E78-4981-8F13-F6E4CC434753}.Release|Any CPU.ActiveCfg = Release|Any CPU
		{AF9F2A1E-7E78-4981-8F13-F6E4CC434753}.Release|Any CPU.Build.0 = Release|Any CPU
		{AF9F2A1E-7E78-4981-8F13-F6E4CC434753}.Release|x64.ActiveCfg = Release|Any CPU
		{AF9F2A1E-7E78-4981-8F13-F6E4CC434753}.Release|x64.Build.0 = Release|Any CPU
		{AF9F2A1E-7E78-4981-8F13-F6E4CC434753}.Release|x86.ActiveCfg = Release|Any CPU
		{AF9F2A1E-7E78-4981-8F13-F6E4CC434753}.Release|x86.Build.0 = Release|Any CPU
		{D42D5147-C688-472A-B010-00EFE6FC8342}.Debug|Any CPU.ActiveCfg = Debug|Any CPU
		{D42D5147-C688-472A-B010-00EFE6FC8342}.Debug|Any CPU.Build.0 = Debug|Any CPU
		{D42D5147-C688-472A-B010-00EFE6FC8342}.Debug|x64.ActiveCfg = Debug|Any CPU
		{D42D5147-C688-472A-B010-00EFE6FC8342}.Debug|x64.Build.0 = Debug|Any CPU
		{D42D5147-C688-472A-B010-00EFE6FC8342}.Debug|x86.ActiveCfg = Debug|Any CPU
		{D42D5147-C688-472A-B010-00EFE6FC8342}.Debug|x86.Build.0 = Debug|Any CPU
		{D42D5147-C688-472A-B010-00EFE6FC8342}.Release|Any CPU.ActiveCfg = Release|Any CPU
		{D42D5147-C688-472A-B010-00EFE6FC8342}.Release|Any CPU.Build.0 = Release|Any CPU
		{D42D5147-C688-472A-B010-00EFE6FC8342}.Release|x64.ActiveCfg = Release|Any CPU
		{D42D5147-C688-472A-B010-00EFE6FC8342}.Release|x64.Build.0 = Release|Any CPU
		{D42D5147-C688-472A-B010-00EFE6FC8342}.Release|x86.ActiveCfg = Release|Any CPU
		{D42D5147-C688-472A-B010-00EFE6FC8342}.Release|x86.Build.0 = Release|Any CPU
		{06C8E45D-6740-4F63-B20F-ADFBC7637038}.Debug|Any CPU.ActiveCfg = Debug|Any CPU
		{06C8E45D-6740-4F63-B20F-ADFBC7637038}.Debug|Any CPU.Build.0 = Debug|Any CPU
		{06C8E45D-6740-4F63-B20F-ADFBC7637038}.Debug|x64.ActiveCfg = Debug|Any CPU
		{06C8E45D-6740-4F63-B20F-ADFBC7637038}.Debug|x64.Build.0 = Debug|Any CPU
		{06C8E45D-6740-4F63-B20F-ADFBC7637038}.Debug|x86.ActiveCfg = Debug|Any CPU
		{06C8E45D-6740-4F63-B20F-ADFBC7637038}.Debug|x86.Build.0 = Debug|Any CPU
		{06C8E45D-6740-4F63-B20F-ADFBC7637038}.Release|Any CPU.ActiveCfg = Release|Any CPU
		{06C8E45D-6740-4F63-B20F-ADFBC7637038}.Release|Any CPU.Build.0 = Release|Any CPU
		{06C8E45D-6740-4F63-B20F-ADFBC7637038}.Release|x64.ActiveCfg = Release|Any CPU
		{06C8E45D-6740-4F63-B20F-ADFBC7637038}.Release|x64.Build.0 = Release|Any CPU
		{06C8E45D-6740-4F63-B20F-ADFBC7637038}.Release|x86.ActiveCfg = Release|Any CPU
		{06C8E45D-6740-4F63-B20F-ADFBC7637038}.Release|x86.Build.0 = Release|Any CPU
		{67FAFC0E-1969-4FCD-A070-436FEDC58383}.Debug|Any CPU.ActiveCfg = Debug|Any CPU
		{67FAFC0E-1969-4FCD-A070-436FEDC58383}.Debug|Any CPU.Build.0 = Debug|Any CPU
		{67FAFC0E-1969-4FCD-A070-436FEDC58383}.Debug|x64.ActiveCfg = Debug|Any CPU
		{67FAFC0E-1969-4FCD-A070-436FEDC58383}.Debug|x64.Build.0 = Debug|Any CPU
		{67FAFC0E-1969-4FCD-A070-436FEDC58383}.Debug|x86.ActiveCfg = Debug|Any CPU
		{67FAFC0E-1969-4FCD-A070-436FEDC58383}.Debug|x86.Build.0 = Debug|Any CPU
		{67FAFC0E-1969-4FCD-A070-436FEDC58383}.Release|Any CPU.ActiveCfg = Release|Any CPU
		{67FAFC0E-1969-4FCD-A070-436FEDC58383}.Release|Any CPU.Build.0 = Release|Any CPU
		{67FAFC0E-1969-4FCD-A070-436FEDC58383}.Release|x64.ActiveCfg = Release|Any CPU
		{67FAFC0E-1969-4FCD-A070-436FEDC58383}.Release|x64.Build.0 = Release|Any CPU
		{67FAFC0E-1969-4FCD-A070-436FEDC58383}.Release|x86.ActiveCfg = Release|Any CPU
		{67FAFC0E-1969-4FCD-A070-436FEDC58383}.Release|x86.Build.0 = Release|Any CPU
		{224BAD25-17A4-4CB8-BA9E-42195DD7FA96}.Debug|Any CPU.ActiveCfg = Debug|Any CPU
		{224BAD25-17A4-4CB8-BA9E-42195DD7FA96}.Debug|Any CPU.Build.0 = Debug|Any CPU
		{224BAD25-17A4-4CB8-BA9E-42195DD7FA96}.Debug|x64.ActiveCfg = Debug|Any CPU
		{224BAD25-17A4-4CB8-BA9E-42195DD7FA96}.Debug|x64.Build.0 = Debug|Any CPU
		{224BAD25-17A4-4CB8-BA9E-42195DD7FA96}.Debug|x86.ActiveCfg = Debug|Any CPU
		{224BAD25-17A4-4CB8-BA9E-42195DD7FA96}.Debug|x86.Build.0 = Debug|Any CPU
		{224BAD25-17A4-4CB8-BA9E-42195DD7FA96}.Release|Any CPU.ActiveCfg = Release|Any CPU
		{224BAD25-17A4-4CB8-BA9E-42195DD7FA96}.Release|Any CPU.Build.0 = Release|Any CPU
		{224BAD25-17A4-4CB8-BA9E-42195DD7FA96}.Release|x64.ActiveCfg = Release|Any CPU
		{224BAD25-17A4-4CB8-BA9E-42195DD7FA96}.Release|x64.Build.0 = Release|Any CPU
		{224BAD25-17A4-4CB8-BA9E-42195DD7FA96}.Release|x86.ActiveCfg = Release|Any CPU
		{224BAD25-17A4-4CB8-BA9E-42195DD7FA96}.Release|x86.Build.0 = Release|Any CPU
		{4C667FF5-A565-46D8-A440-C293AE4DABB9}.Debug|Any CPU.ActiveCfg = Debug|Any CPU
		{4C667FF5-A565-46D8-A440-C293AE4DABB9}.Debug|Any CPU.Build.0 = Debug|Any CPU
		{4C667FF5-A565-46D8-A440-C293AE4DABB9}.Debug|x64.ActiveCfg = Debug|Any CPU
		{4C667FF5-A565-46D8-A440-C293AE4DABB9}.Debug|x64.Build.0 = Debug|Any CPU
		{4C667FF5-A565-46D8-A440-C293AE4DABB9}.Debug|x86.ActiveCfg = Debug|Any CPU
		{4C667FF5-A565-46D8-A440-C293AE4DABB9}.Debug|x86.Build.0 = Debug|Any CPU
		{4C667FF5-A565-46D8-A440-C293AE4DABB9}.Release|Any CPU.ActiveCfg = Release|Any CPU
		{4C667FF5-A565-46D8-A440-C293AE4DABB9}.Release|Any CPU.Build.0 = Release|Any CPU
		{4C667FF5-A565-46D8-A440-C293AE4DABB9}.Release|x64.ActiveCfg = Release|Any CPU
		{4C667FF5-A565-46D8-A440-C293AE4DABB9}.Release|x64.Build.0 = Release|Any CPU
		{4C667FF5-A565-46D8-A440-C293AE4DABB9}.Release|x86.ActiveCfg = Release|Any CPU
		{4C667FF5-A565-46D8-A440-C293AE4DABB9}.Release|x86.Build.0 = Release|Any CPU
	EndGlobalSection
	GlobalSection(NestedProjects) = preSolution
		{98E3E2DA-ACC1-48B2-875E-FD971273A015} = {0A99F01E-9551-4DFC-BA1C-BB2A728D7BD6}
		{A7A72F8B-82A0-43B7-8DAE-1EEE8875B55F} = {0A99F01E-9551-4DFC-BA1C-BB2A728D7BD6}
		{5E40ECC5-6C29-4830-85EC-D846106AFBA0} = {0A99F01E-9551-4DFC-BA1C-BB2A728D7BD6}
		{59D1F373-758E-4F4C-8834-B0ED1310664B} = {A7A72F8B-82A0-43B7-8DAE-1EEE8875B55F}
		{A085F3E6-DD8E-4AC2-A011-AF954B477A50} = {0A99F01E-9551-4DFC-BA1C-BB2A728D7BD6}
		{C1156676-9FFE-48BF-9BFA-011FABD3882B} = {A085F3E6-DD8E-4AC2-A011-AF954B477A50}
		{18C284D6-1C5B-4CC0-BF70-DDE092FF2E41} = {A085F3E6-DD8E-4AC2-A011-AF954B477A50}
		{AF9F2A1E-7E78-4981-8F13-F6E4CC434753} = {98E3E2DA-ACC1-48B2-875E-FD971273A015}
		{D42D5147-C688-472A-B010-00EFE6FC8342} = {98E3E2DA-ACC1-48B2-875E-FD971273A015}
		{06C8E45D-6740-4F63-B20F-ADFBC7637038} = {5E40ECC5-6C29-4830-85EC-D846106AFBA0}
		{67FAFC0E-1969-4FCD-A070-436FEDC58383} = {1DD4DB9B-B08B-4030-B8DD-7781C33983C1}
		{224BAD25-17A4-4CB8-BA9E-42195DD7FA96} = {1DD4DB9B-B08B-4030-B8DD-7781C33983C1}
		{5F42CFF6-452D-4D83-AF93-C34EB469AABC} = {0A99F01E-9551-4DFC-BA1C-BB2A728D7BD6}
		{4C667FF5-A565-46D8-A440-C293AE4DABB9} = {5F42CFF6-452D-4D83-AF93-C34EB469AABC}
	EndGlobalSection
EndGlobal
